// !$*UTF8*$!
{
	archiveVersion = 1;
	classes = {
	};
	objectVersion = 77;
	objects = {

/* Begin PBXContainerItemProxy section */
		D130D29A2FA0E7A700F7B363 /* PBXContainerItemProxy */ = {
			isa = PBXContainerItemProxy;
			containerPortal = D130D2822FA0E7A600F7B363 /* Project object */;
			proxyType = 1;
			remoteGlobalIDString = D130D2892FA0E7A600F7B363;
			remoteInfo = ecommerceapp;
		};
		D130D2A42FA0E7A700F7B363 /* PBXContainerItemProxy */ = {
			isa = PBXContainerItemProxy;
			containerPortal = D130D2822FA0E7A600F7B363 /* Project object */;
			proxyType = 1;
			remoteGlobalIDString = D130D2892FA0E7A600F7B363;
			remoteInfo = ecommerceapp;
		};
/* End PBXContainerItemProxy section */

/* Begin PBXFileReference section */
		D130D28A2FA0E7A600F7B363 /* ecommerceapp.app */ = {isa = PBXFileReference; explicitFileType = wrapper.application; includeInIndex = 0; path = ecommerceapp.app; sourceTree = BUILT_PRODUCTS_DIR; };
		D130D2992FA0E7A700F7B363 /* ecommerceappTests.xctest */ = {isa = PBXFileReference; explicitFileType = wrapper.cfbundle; includeInIndex = 0; path = ecommerceappTests.xctest; sourceTree = BUILT_PRODUCTS_DIR; };
		D130D2A32FA0E7A700F7B363 /* ecommerceappUITests.xctest */ = {isa = PBXFileReference; explicitFileType = wrapper.cfbundle; includeInIndex = 0; path = ecommerceappUITests.xctest; sourceTree = BUILT_PRODUCTS_DIR; };
/* End PBXFileReference section */

/* Begin PBXFileSystemSynchronizedRootGroup section */
		D130D28C2FA0E7A600F7B363 /* ecommerceapp */ = {
			isa = PBXFileSystemSynchronizedRootGroup;
			path = ecommerceapp;
			sourceTree = "<group>";
		};
		D130D29C2FA0E7A700F7B363 /* ecommerceappTests */ = {
			isa = PBXFileSystemSynchronizedRootGroup;
			path = ecommerceappTests;
			sourceTree = "<group>";
		};
		D130D2A62FA0E7A700F7B363 /* ecommerceappUITests */ = {
			isa = PBXFileSystemSynchronizedRootGroup;
			path = ecommerceappUITests;
			sourceTree = "<group>";
		};
/* End PBXFileSystemSynchronizedRootGroup section */

/* Begin PBXFrameworksBuildPhase section */
		D130D2872FA0E7A600F7B363 /* Frameworks */ = {
			isa = PBXFrameworksBuildPhase;
			buildActionMask = 2147483647;
			files = (
			);
			runOnlyForDeploymentPostprocessing = 0;
		};
		D130D2962FA0E7A700F7B363 /* Frameworks */ = {
			isa = PBXFrameworksBuildPhase;
			buildActionMask = 2147483647;
			files = (
			);
			runOnlyForDeploymentPostprocessing = 0;
		};
		D130D2A02FA0E7A700F7B363 /* Frameworks */ = {
			isa = PBXFrameworksBuildPhase;
			buildActionMask = 2147483647;
			files = (
			);
			runOnlyForDeploymentPostprocessing = 0;
		};
/* End PBXFrameworksBuildPhase section */

/* Begin PBXGroup section */
		D130D2812FA0E7A600F7B363 = {
			isa = PBXGroup;
			children = (
				D130D28C2FA0E7A600F7B363 /* ecommerceapp */,
				D130D29C2FA0E7A700F7B363 /* ecommerceappTests */,
				D130D2A62FA0E7A700F7B363 /* ecommerceappUITests */,
				D130D28B2FA0E7A600F7B363 /* Products */,
			);
			sourceTree = "<group>";
		};
		D130D28B2FA0E7A600F7B363 /* Products */ = {
			isa = PBXGroup;
			children = (
				D130D28A2FA0E7A600F7B363 /* ecommerceapp.app */,
				D130D2992FA0E7A700F7B363 /* ecommerceappTests.xctest */,
				D130D2A32FA0E7A700F7B363 /* ecommerceappUITests.xctest */,
			);
			name = Products;
			sourceTree = "<group>";
		};
/* End PBXGroup section */

/* Begin PBXNativeTarget section */
		D130D2892FA0E7A600F7B363 /* ecommerceapp */ = {
			isa = PBXNativeTarget;
			buildConfigurationList = D130D2AD2FA0E7A700F7B363 /* Build configuration list for PBXNativeTarget "ecommerceapp" */;
			buildPhases = (
				D130D2862FA0E7A600F7B363 /* Sources */,
				D130D2872FA0E7A600F7B363 /* Frameworks */,
				D130D2882FA0E7A600F7B363 /* Resources */,
			);
			buildRules = (
			);
			dependencies = (
			);
			fileSystemSynchronizedGroups = (
				D130D28C2FA0E7A600F7B363 /* ecommerceapp */,
			);
			name = ecommerceapp;
			packageProductDependencies = (
			);
			productName = ecommerceapp;
			productReference = D130D28A2FA0E7A600F7B363 /* ecommerceapp.app */;
			productType = "com.apple.product-type.application";
		};
		D130D2982FA0E7A700F7B363 /* ecommerceappTests */ = {
			isa = PBXNativeTarget;
			buildConfigurationList = D130D2B02FA0E7A700F7B363 /* Build configuration list for PBXNativeTarget "ecommerceappTests" */;
			buildPhases = (
				D130D2952FA0E7A700F7B363 /* Sources */,
				D130D2962FA0E7A700F7B363 /* Frameworks */,
				D130D2972FA0E7A700F7B363 /* Resources */,
			);
			buildRules = (
			);
			dependencies = (
				D130D29B2FA0E7A700F7B363 /* PBXTargetDependency */,
			);
			fileSystemSynchronizedGroups = (
				D130D29C2FA0E7A700F7B363 /* ecommerceappTests */,
			);
			name = ecommerceappTests;
			packageProductDependencies = (
			);
			productName = ecommerceappTests;
			productReference = D130D2992FA0E7A700F7B363 /* ecommerceappTests.xctest */;
			productType = "com.apple.product-type.bundle.unit-test";
		};
		D130D2A22FA0E7A700F7B363 /* ecommerceappUITests */ = {
			isa = PBXNativeTarget;
			buildConfigurationList = D130D2B32FA0E7A700F7B363 /* Build configuration list for PBXNativeTarget "ecommerceappUITests" */;
			buildPhases = (
				D130D29F2FA0E7A700F7B363 /* Sources */,
				D130D2A02FA0E7A700F7B363 /* Frameworks */,
				D130D2A12FA0E7A700F7B363 /* Resources */,
			);
			buildRules = (
			);
			dependencies = (
				D130D2A52FA0E7A700F7B363 /* PBXTargetDependency */,
			);
			fileSystemSynchronizedGroups = (
				D130D2A62FA0E7A700F7B363 /* ecommerceappUITests */,
			);
			name = ecommerceappUITests;
			packageProductDependencies = (
			);
			productName = ecommerceappUITests;
			productReference = D130D2A32FA0E7A700F7B363 /* ecommerceappUITests.xctest */;
			productType = "com.apple.product-type.bundle.ui-testing";
		};
/* End PBXNativeTarget section */

/* Begin PBXProject section */
		D130D2822FA0E7A600F7B363 /* Project object */ = {
			isa = PBXProject;
			attributes = {
				BuildIndependentTargetsInParallel = 1;
				LastSwiftUpdateCheck = 2630;
				LastUpgradeCheck = 2630;
				TargetAttributes = {
					D130D2892FA0E7A600F7B363 = {
						CreatedOnToolsVersion = 26.3;
					};
					D130D2982FA0E7A700F7B363 = {
						CreatedOnToolsVersion = 26.3;
						TestTargetID = D130D2892FA0E7A600F7B363;
					};
					D130D2A22FA0E7A700F7B363 = {
						CreatedOnToolsVersion = 26.3;
						TestTargetID = D130D2892FA0E7A600F7B363;
					};
				};
			};
			buildConfigurationList = D130D2852FA0E7A600F7B363 /* Build configuration list for PBXProject "ecommerceapp" */;
			developmentRegion = en;
			hasScannedForEncodings = 0;
			knownRegions = (
				en,
				Base,
			);
			mainGroup = D130D2812FA0E7A600F7B363;
			minimizedProjectReferenceProxies = 1;
			preferredProjectObjectVersion = 77;
			productRefGroup = D130D28B2FA0E7A600F7B363 /* Products */;
			projectDirPath = "";
			projectRoot = "";
			targets = (
				D130D2892FA0E7A600F7B363 /* ecommerceapp */,
				D130D2982FA0E7A700F7B363 /* ecommerceappTests */,
				D130D2A22FA0E7A700F7B363 /* ecommerceappUITests */,
			);
		};
/* End PBXProject section */

/* Begin PBXResourcesBuildPhase section */
		D130D2882FA0E7A600F7B363 /* Resources */ = {
			isa = PBXResourcesBuildPhase;
			buildActionMask = 2147483647;
			files = (
			);
			runOnlyForDeploymentPostprocessing = 0;
		};
		D130D2972FA0E7A700F7B363 /* Resources */ = {
			isa = PBXResourcesBuildPhase;
			buildActionMask = 2147483647;
			files = (
			);
			runOnlyForDeploymentPostprocessing = 0;
		};
		D130D2A12FA0E7A700F7B363 /* Resources */ = {
			isa = PBXResourcesBuildPhase;
			buildActionMask = 2147483647;
			files = (
			);
			runOnlyForDeploymentPostprocessing = 0;
		};
/* End PBXResourcesBuildPhase section */

/* Begin PBXSourcesBuildPhase section */
		D130D2862FA0E7A600F7B363 /* Sources */ = {
			isa = PBXSourcesBuildPhase;
			buildActionMask = 2147483647;
			files = (
			);
			runOnlyForDeploymentPostprocessing = 0;
		};
		D130D2952FA0E7A700F7B363 /* Sources */ = {
			isa = PBXSourcesBuildPhase;
			buildActionMask = 2147483647;
			files = (
			);
			runOnlyForDeploymentPostprocessing = 0;
		};
		D130D29F2FA0E7A700F7B363 /* Sources */ = {
			isa = PBXSourcesBuildPhase;
			buildActionMask = 2147483647;
			files = (
			);
			runOnlyForDeploymentPostprocessing = 0;
		};
/* End PBXSourcesBuildPhase section */

/* Begin PBXTargetDependency section */
		D130D29B2FA0E7A700F7B363 /* PBXTargetDependency */ = {
			isa = PBXTargetDependency;
			target = D130D2892FA0E7A600F7B363 /* ecommerceapp */;
			targetProxy = D130D29A2FA0E7A700F7B363 /* PBXContainerItemProxy */;
		};
		D130D2A52FA0E7A700F7B363 /* PBXTargetDependency */ = {
			isa = PBXTargetDependency;
			target = D130D2892FA0E7A600F7B363 /* ecommerceapp */;
			targetProxy = D130D2A42FA0E7A700F7B363 /* PBXContainerItemProxy */;
		};
/* End PBXTargetDependency section */

/* Begin XCBuildConfiguration section */
		D130D2AB2FA0E7A700F7B363 /* Debug */ = {
			isa = XCBuildConfiguration;
			buildSettings = {
				ALWAYS_SEARCH_USER_PATHS = NO;
				ASSETCATALOG_COMPILER_GENERATE_SWIFT_ASSET_SYMBOL_EXTENSIONS = YES;
				CLANG_ANALYZER_NONNULL = YES;
				CLANG_ANALYZER_NUMBER_OBJECT_CONVERSION = YES_AGGRESSIVE;
				CLANG_CXX_LANGUAGE_STANDARD = "gnu++20";
				CLANG_ENABLE_MODULES = YES;
				CLANG_ENABLE_OBJC_ARC = YES;
				CLANG_ENABLE_OBJC_WEAK = YES;
				CLANG_WARN_BLOCK_CAPTURE_AUTORELEASING = YES;
				CLANG_WARN_BOOL_CONVERSION = YES;
				CLANG_WARN_COMMA = YES;
				CLANG_WARN_CONSTANT_CONVERSION = YES;
				CLANG_WARN_DEPRECATED_OBJC_IMPLEMENTATIONS = YES;
				CLANG_WARN_DIRECT_OBJC_ISA_USAGE = YES_ERROR;
				CLANG_WARN_DOCUMENTATION_COMMENTS = YES;
				CLANG_WARN_EMPTY_BODY = YES;
				CLANG_WARN_ENUM_CONVERSION = YES;
				CLANG_WARN_INFINITE_RECURSION = YES;
				CLANG_WARN_INT_CONVERSION = YES;
				CLANG_WARN_NON_LITERAL_NULL_CONVERSION = YES;
				CLANG_WARN_OBJC_IMPLICIT_RETAIN_SELF = YES;
				CLANG_WARN_OBJC_LITERAL_CONVERSION = YES;
				CLANG_WARN_OBJC_ROOT_CLASS = YES_ERROR;
				CLANG_WARN_QUOTED_INCLUDE_IN_FRAMEWORK_HEADER = YES;
				CLANG_WARN_RANGE_LOOP_ANALYSIS = YES;
				CLANG_WARN_STRICT_PROTOTYPES = YES;
				CLANG_WARN_SUSPICIOUS_MOVE = YES;
				CLANG_WARN_UNGUARDED_AVAILABILITY = YES_AGGRESSIVE;
				CLANG_WARN_UNREACHABLE_CODE = YES;
				CLANG_WARN__DUPLICATE_METHOD_MATCH = YES;
				COPY_PHASE_STRIP = NO;
				DEBUG_INFORMATION_FORMAT = dwarf;
				DEVELOPMENT_TEAM = NS6LK47BK8;
				ENABLE_STRICT_OBJC_MSGSEND = YES;
				ENABLE_TESTABILITY = YES;
				ENABLE_USER_SCRIPT_SANDBOXING = YES;
				GCC_C_LANGUAGE_STANDARD = gnu17;
				GCC_DYNAMIC_NO_PIC = NO;
				GCC_NO_COMMON_BLOCKS = YES;
				GCC_OPTIMIZATION_LEVEL = 0;
				GCC_PREPROCESSOR_DEFINITIONS = (
					"DEBUG=1",
					"$(inherited)",
				);
				GCC_WARN_64_TO_32_BIT_CONVERSION = YES;
				GCC_WARN_ABOUT_RETURN_TYPE = YES_ERROR;
				GCC_WARN_UNDECLARED_SELECTOR = YES;
				GCC_WARN_UNINITIALIZED_AUTOS = YES_AGGRESSIVE;
				GCC_WARN_UNUSED_FUNCTION = YES;
				GCC_WARN_UNUSED_VARIABLE = YES;
				IPHONEOS_DEPLOYMENT_TARGET = 26.2;
				LOCALIZATION_PREFERS_STRING_CATALOGS = YES;
				MTL_ENABLE_DEBUG_INFO = INCLUDE_SOURCE;
				MTL_FAST_MATH = YES;
				ONLY_ACTIVE_ARCH = YES;
				SDKROOT = iphoneos;
				SWIFT_ACTIVE_COMPILATION_CONDITIONS = "DEBUG $(inherited)";
				SWIFT_OPTIMIZATION_LEVEL = "-Onone";
			};
			name = Debug;
		};
		D130D2AC2FA0E7A700F7B363 /* Release */ = {
			isa = XCBuildConfiguration;
			buildSettings = {
				ALWAYS_SEARCH_USER_PATHS = NO;
				ASSETCATALOG_COMPILER_GENERATE_SWIFT_ASSET_SYMBOL_EXTENSIONS = YES;
				CLANG_ANALYZER_NONNULL = YES;
				CLANG_ANALYZER_NUMBER_OBJECT_CONVERSION = YES_AGGRESSIVE;
				CLANG_CXX_LANGUAGE_STANDARD = "gnu++20";
				CLANG_ENABLE_MODULES = YES;
				CLANG_ENABLE_OBJC_ARC = YES;
				CLANG_ENABLE_OBJC_WEAK = YES;
				CLANG_WARN_BLOCK_CAPTURE_AUTORELEASING = YES;
				CLANG_WARN_BOOL_CONVERSION = YES;
				CLANG_WARN_COMMA = YES;
				CLANG_WARN_CONSTANT_CONVERSION = YES;
				CLANG_WARN_DEPRECATED_OBJC_IMPLEMENTATIONS = YES;
				CLANG_WARN_DIRECT_OBJC_ISA_USAGE = YES_ERROR;
				CLANG_WARN_DOCUMENTATION_COMMENTS = YES;
				CLANG_WARN_EMPTY_BODY = YES;
				CLANG_WARN_ENUM_CONVERSION = YES;
				CLANG_WARN_INFINITE_RECURSION = YES;
				CLANG_WARN_INT_CONVERSION = YES;
				CLANG_WARN_NON_LITERAL_NULL_CONVERSION = YES;
				CLANG_WARN_OBJC_IMPLICIT_RETAIN_SELF = YES;
				CLANG_WARN_OBJC_LITERAL_CONVERSION = YES;
				CLANG_WARN_OBJC_ROOT_CLASS = YES_ERROR;
				CLANG_WARN_QUOTED_INCLUDE_IN_FRAMEWORK_HEADER = YES;
				CLANG_WARN_RANGE_LOOP_ANALYSIS = YES;
				CLANG_WARN_STRICT_PROTOTYPES = YES;
				CLANG_WARN_SUSPICIOUS_MOVE = YES;
				CLANG_WARN_UNGUARDED_AVAILABILITY = YES_AGGRESSIVE;
				CLANG_WARN_UNREACHABLE_CODE = YES;
				CLANG_WARN__DUPLICATE_METHOD_MATCH = YES;
				COPY_PHASE_STRIP = NO;
				DEBUG_INFORMATION_FORMAT = "dwarf-with-dsym";
				DEVELOPMENT_TEAM = NS6LK47BK8;
				ENABLE_NS_ASSERTIONS = NO;
				ENABLE_STRICT_OBJC_MSGSEND = YES;
				ENABLE_USER_SCRIPT_SANDBOXING = YES;
				GCC_C_LANGUAGE_STANDARD = gnu17;
				GCC_NO_COMMON_BLOCKS = YES;
				GCC_WARN_64_TO_32_BIT_CONVERSION = YES;
				GCC_WARN_ABOUT_RETURN_TYPE = YES_ERROR;
				GCC_WARN_UNDECLARED_SELECTOR = YES;
				GCC_WARN_UNINITIALIZED_AUTOS = YES_AGGRESSIVE;
				GCC_WARN_UNUSED_FUNCTION = YES;
				GCC_WARN_UNUSED_VARIABLE = YES;
				IPHONEOS_DEPLOYMENT_TARGET = 26.2;
				LOCALIZATION_PREFERS_STRING_CATALOGS = YES;
				MTL_ENABLE_DEBUG_INFO = NO;
				MTL_FAST_MATH = YES;
				SDKROOT = iphoneos;
				SWIFT_COMPILATION_MODE = wholemodule;
				VALIDATE_PRODUCT = YES;
			};
			name = Release;
		};
		D130D2AE2FA0E7A700F7B363 /* Debug */ = {
			isa = XCBuildConfiguration;
			buildSettings = {
				ASSETCATALOG_COMPILER_APPICON_NAME = AppIcon;
				ASSETCATALOG_COMPILER_GLOBAL_ACCENT_COLOR_NAME = AccentColor;
				CODE_SIGN_STYLE = Automatic;
				CURRENT_PROJECT_VERSION = 1;
				DEVELOPMENT_TEAM = NS6LK47BK8;
				ENABLE_PREVIEWS = YES;
				GENERATE_INFOPLIST_FILE = YES;
				INFOPLIST_KEY_UIApplicationSceneManifest_Generation = YES;
				INFOPLIST_KEY_UIApplicationSupportsIndirectInputEvents = YES;
				INFOPLIST_KEY_UILaunchScreen_Generation = YES;
				INFOPLIST_KEY_UISupportedInterfaceOrientations_iPad = "UIInterfaceOrientationPortrait UIInterfaceOrientationPortraitUpsideDown UIInterfaceOrientationLandscapeLeft UIInterfaceOrientationLandscapeRight";
				INFOPLIST_KEY_UISupportedInterfaceOrientations_iPhone = "UIInterfaceOrientationPortrait UIInterfaceOrientationLandscapeLeft UIInterfaceOrientationLandscapeRight";
				LD_RUNPATH_SEARCH_PATHS = (
					"$(inherited)",
					"@executable_path/Frameworks",
				);
				MARKETING_VERSION = 1.0;
				PRODUCT_BUNDLE_IDENTIFIER = br.com.camilaferreiranas.ecommerceapp;
				PRODUCT_NAME = "$(TARGET_NAME)";
				STRING_CATALOG_GENERATE_SYMBOLS = YES;
				SWIFT_APPROACHABLE_CONCURRENCY = YES;
				SWIFT_DEFAULT_ACTOR_ISOLATION = MainActor;
				SWIFT_EMIT_LOC_STRINGS = YES;
				SWIFT_UPCOMING_FEATURE_MEMBER_IMPORT_VISIBILITY = YES;
				SWIFT_VERSION = 5.0;
				TARGETED_DEVICE_FAMILY = "1,2";
			};
			name = Debug;
		};
		D130D2AF2FA0E7A700F7B363 /* Release */ = {
			isa = XCBuildConfiguration;
			buildSettings = {
				ASSETCATALOG_COMPILER_APPICON_NAME = AppIcon;
				ASSETCATALOG_COMPILER_GLOBAL_ACCENT_COLOR_NAME = AccentColor;
				CODE_SIGN_STYLE = Automatic;
				CURRENT_PROJECT_VERSION = 1;
				DEVELOPMENT_TEAM = NS6LK47BK8;
				ENABLE_PREVIEWS = YES;
				GENERATE_INFOPLIST_FILE = YES;
				INFOPLIST_KEY_UIApplicationSceneManifest_Generation = YES;
				INFOPLIST_KEY_UIApplicationSupportsIndirectInputEvents = YES;
				INFOPLIST_KEY_UILaunchScreen_Generation = YES;
				INFOPLIST_KEY_UISupportedInterfaceOrientations_iPad = "UIInterfaceOrientationPortrait UIInterfaceOrientationPortraitUpsideDown UIInterfaceOrientationLandscapeLeft UIInterfaceOrientationLandscapeRight";
				INFOPLIST_KEY_UISupportedInterfaceOrientations_iPhone = "UIInterfaceOrientationPortrait UIInterfaceOrientationLandscapeLeft UIInterfaceOrientationLandscapeRight";
				LD_RUNPATH_SEARCH_PATHS = (
					"$(inherited)",
					"@executable_path/Frameworks",
				);
				MARKETING_VERSION = 1.0;
				PRODUCT_BUNDLE_IDENTIFIER = br.com.camilaferreiranas.ecommerceapp;
				PRODUCT_NAME = "$(TARGET_NAME)";
				STRING_CATALOG_GENERATE_SYMBOLS = YES;
				SWIFT_APPROACHABLE_CONCURRENCY = YES;
				SWIFT_DEFAULT_ACTOR_ISOLATION = MainActor;
				SWIFT_EMIT_LOC_STRINGS = YES;
				SWIFT_UPCOMING_FEATURE_MEMBER_IMPORT_VISIBILITY = YES;
				SWIFT_VERSION = 5.0;
				TARGETED_DEVICE_FAMILY = "1,2";
			};
			name = Release;
		};
		D130D2B12FA0E7A700F7B363 /* Debug */ = {
			isa = XCBuildConfiguration;
			buildSettings = {
				BUNDLE_LOADER = "$(TEST_HOST)";
				CODE_SIGN_STYLE = Automatic;
				CURRENT_PROJECT_VERSION = 1;
				DEVELOPMENT_TEAM = NS6LK47BK8;
				GENERATE_INFOPLIST_FILE = YES;
				IPHONEOS_DEPLOYMENT_TARGET = 26.2;
				MARKETING_VERSION = 1.0;
				PRODUCT_BUNDLE_IDENTIFIER = br.com.camilaferreiranas.ecommerceappTests;
				PRODUCT_NAME = "$(TARGET_NAME)";
				STRING_CATALOG_GENERATE_SYMBOLS = NO;
				SWIFT_APPROACHABLE_CONCURRENCY = YES;
				SWIFT_EMIT_LOC_STRINGS = NO;
				SWIFT_UPCOMING_FEATURE_MEMBER_IMPORT_VISIBILITY = YES;
				SWIFT_VERSION = 5.0;
				TARGETED_DEVICE_FAMILY = "1,2";
				TEST_HOST = "$(BUILT_PRODUCTS_DIR)/ecommerceapp.app/$(BUNDLE_EXECUTABLE_FOLDER_PATH)/ecommerceapp";
			};
			name = Debug;
		};
		D130D2B22FA0E7A700F7B363 /* Release */ = {
			isa = XCBuildConfiguration;
			buildSettings = {
				BUNDLE_LOADER = "$(TEST_HOST)";
				CODE_SIGN_STYLE = Automatic;
				CURRENT_PROJECT_VERSION = 1;
				DEVELOPMENT_TEAM = NS6LK47BK8;
				GENERATE_INFOPLIST_FILE = YES;
				IPHONEOS_DEPLOYMENT_TARGET = 26.2;
				MARKETING_VERSION = 1.0;
				PRODUCT_BUNDLE_IDENTIFIER = br.com.camilaferreiranas.ecommerceappTests;
				PRODUCT_NAME = "$(TARGET_NAME)";
				STRING_CATALOG_GENERATE_SYMBOLS = NO;
				SWIFT_APPROACHABLE_CONCURRENCY = YES;
				SWIFT_EMIT_LOC_STRINGS = NO;
				SWIFT_UPCOMING_FEATURE_MEMBER_IMPORT_VISIBILITY = YES;
				SWIFT_VERSION = 5.0;
				TARGETED_DEVICE_FAMILY = "1,2";
				TEST_HOST = "$(BUILT_PRODUCTS_DIR)/ecommerceapp.app/$(BUNDLE_EXECUTABLE_FOLDER_PATH)/ecommerceapp";
			};
			name = Release;
		};
		D130D2B42FA0E7A700F7B363 /* Debug */ = {
			isa = XCBuildConfiguration;
			buildSettings = {
				CODE_SIGN_STYLE = Automatic;
				CURRENT_PROJECT_VERSION = 1;
				DEVELOPMENT_TEAM = NS6LK47BK8;
				GENERATE_INFOPLIST_FILE = YES;
				MARKETING_VERSION = 1.0;
				PRODUCT_BUNDLE_IDENTIFIER = br.com.camilaferreiranas.ecommerceappUITests;
				PRODUCT_NAME = "$(TARGET_NAME)";
				STRING_CATALOG_GENERATE_SYMBOLS = NO;
				SWIFT_APPROACHABLE_CONCURRENCY = YES;
				SWIFT_EMIT_LOC_STRINGS = NO;
				SWIFT_UPCOMING_FEATURE_MEMBER_IMPORT_VISIBILITY = YES;
				SWIFT_VERSION = 5.0;
				TARGETED_DEVICE_FAMILY = "1,2";
				TEST_TARGET_NAME = ecommerceapp;
			};
			name = Debug;
		};
		D130D2B52FA0E7A700F7B363 /* Release */ = {
			isa = XCBuildConfiguration;
			buildSettings = {
				CODE_SIGN_STYLE = Automatic;
				CURRENT_PROJECT_VERSION = 1;
				DEVELOPMENT_TEAM = NS6LK47BK8;
				GENERATE_INFOPLIST_FILE = YES;
				MARKETING_VERSION = 1.0;
				PRODUCT_BUNDLE_IDENTIFIER = br.com.camilaferreiranas.ecommerceappUITests;
				PRODUCT_NAME = "$(TARGET_NAME)";
				STRING_CATALOG_GENERATE_SYMBOLS = NO;
				SWIFT_APPROACHABLE_CONCURRENCY = YES;
				SWIFT_EMIT_LOC_STRINGS = NO;
				SWIFT_UPCOMING_FEATURE_MEMBER_IMPORT_VISIBILITY = YES;
				SWIFT_VERSION = 5.0;
				TARGETED_DEVICE_FAMILY = "1,2";
				TEST_TARGET_NAME = ecommerceapp;
			};
			name = Release;
		};
/* End XCBuildConfiguration section */

/* Begin XCConfigurationList section */
		D130D2852FA0E7A600F7B363 /* Build configuration list for PBXProject "ecommerceapp" */ = {
			isa = XCConfigurationList;
			buildConfigurations = (
				D130D2AB2FA0E7A700F7B363 /* Debug */,
				D130D2AC2FA0E7A700F7B363 /* Release */,
			);
			defaultConfigurationIsVisible = 0;
			defaultConfigurationName = Release;
		};
		D130D2AD2FA0E7A700F7B363 /* Build configuration list for PBXNativeTarget "ecommerceapp" */ = {
			isa = XCConfigurationList;
			buildConfigurations = (
				D130D2AE2FA0E7A700F7B363 /* Debug */,
				D130D2AF2FA0E7A700F7B363 /* Release */,
			);
			defaultConfigurationIsVisible = 0;
			defaultConfigurationName = Release;
		};
		D130D2B02FA0E7A700F7B363 /* Build configuration list for PBXNativeTarget "ecommerceappTests" */ = {
			isa = XCConfigurationList;
			buildConfigurations = (
				D130D2B12FA0E7A700F7B363 /* Debug */,
				D130D2B22FA0E7A700F7B363 /* Release */,
			);
			defaultConfigurationIsVisible = 0;
			defaultConfigurationName = Release;
		};
		D130D2B32FA0E7A700F7B363 /* Build configuration list for PBXNativeTarget "ecommerceappUITests" */ = {
			isa = XCConfigurationList;
			buildConfigurations = (
				D130D2B42FA0E7A700F7B363 /* Debug */,
				D130D2B52FA0E7A700F7B363 /* Release */,
			);
			defaultConfigurationIsVisible = 0;
			defaultConfigurationName = Release;
		};
/* End XCConfigurationList section */
	};
	rootObject = D130D2822FA0E7A600F7B363 /* Project object */;
}
